
Microsoft Visual Studio Solution File, Format Version 12.00
# Visual Studio 15
VisualStudioVersion = 15.0.28307.572
MinimumVisualStudioVersion = 10.0.40219.1
Project("{FAE04EC0-301F-11D3-BF4B-00C04F79EFBC}") = "BearerTokenAndreCAPTCHA", "BearerTokenAndreCAPTCHA\BearerTokenAndreCAPTCHA.csproj", "{8CACD28E-1E7D-4759-8CF7-0B356881A7BA}"
EndProject
Global
	GlobalSection(SolutionConfigurationPlatforms) = preSolution
		Debug|Any CPU = Debug|Any CPU
		Release|Any CPU = Release|Any CPU
	EndGlobalSection
	GlobalSection(ProjectConfigurationPlatforms) = postSolution
		{8CACD28E-1E7D-4759-8CF7-0B356881A7BA}.Debug|Any CPU.ActiveCfg = Debug|Any CPU
		{8CACD28E-1E7D-4759-8CF7-0B356881A7BA}.Debug|Any CPU.Build.0 = Debug|Any CPU
		{8CACD28E-1E7D-4759-8CF7-0B356881A7BA}.Release|Any CPU.ActiveCfg = Release|Any CPU
		{8CACD28E-1E7D-4759-8CF7-0B356881A7BA}.Release|Any CPU.Build.0 = Release|Any CPU
	EndGlobalSection
	GlobalSection(SolutionProperties) = preSolution
		HideSolutionNode = FALSE
	EndGlobalSection
	GlobalSection(ExtensibilityGlobals) = postSolution
		SolutionGuid = {AF297C37-F7C6-4E1A-B48E-5E5067F69B86}
	EndGlobalSection
EndGlobal
