
Microsoft Visual Studio Solution File, Format Version 12.00
# Visual Studio 15
VisualStudioVersion = 15.0.28307.572
MinimumVisualStudioVersion = 10.0.40219.1
Project("{FAE04EC0-301F-11D3-BF4B-00C04F79EFBC}") = "TLTTSaaSWebApp", "TLTTSaaSWebApp\TLTTSaaSWebApp.csproj", "{D75BF3D5-3A0C-4958-97D2-BBD9AEB8FD56}"
EndProject
Global
	GlobalSection(SolutionConfigurationPlatforms) = preSolution
		Debug|Any CPU = Debug|Any CPU
		Release|Any CPU = Release|Any CPU
	EndGlobalSection
	GlobalSection(ProjectConfigurationPlatforms) = postSolution
		{D75BF3D5-3A0C-4958-97D2-BBD9AEB8FD56}.Debug|Any CPU.ActiveCfg = Debug|Any CPU
		{D75BF3D5-3A0C-4958-97D2-BBD9AEB8FD56}.Debug|Any CPU.Build.0 = Debug|Any CPU
		{D75BF3D5-3A0C-4958-97D2-BBD9AEB8FD56}.Release|Any CPU.ActiveCfg = Release|Any CPU
		{D75BF3D5-3A0C-4958-97D2-BBD9AEB8FD56}.Release|Any CPU.Build.0 = Release|Any CPU
	EndGlobalSection
	GlobalSection(SolutionProperties) = preSolution
		HideSolutionNode = FALSE
	EndGlobalSection
	GlobalSection(ExtensibilityGlobals) = postSolution
		SolutionGuid = {00ADA217-7F67-4565-8B43-0C2E0BFE262C}
	EndGlobalSection
EndGlobal
