
Microsoft Visual Studio Solution File, Format Version 12.00
# Visual Studio 15
VisualStudioVersion = 15.0.28307.572
MinimumVisualStudioVersion = 10.0.40219.1
Project("{FAE04EC0-301F-11D3-BF4B-00C04F79EFBC}") = "TalentSearch", "TalentSearch\TalentSearch.csproj", "{C02321F1-7EBE-43DF-918A-30E21EAFED75}"
EndProject
Global
	GlobalSection(SolutionConfigurationPlatforms) = preSolution
		Debug|Any CPU = Debug|Any CPU
		Release|Any CPU = Release|Any CPU
	EndGlobalSection
	GlobalSection(ProjectConfigurationPlatforms) = postSolution
		{C02321F1-7EBE-43DF-918A-30E21EAFED75}.Debug|Any CPU.ActiveCfg = Debug|Any CPU
		{C02321F1-7EBE-43DF-918A-30E21EAFED75}.Debug|Any CPU.Build.0 = Debug|Any CPU
		{C02321F1-7EBE-43DF-918A-30E21EAFED75}.Release|Any CPU.ActiveCfg = Release|Any CPU
		{C02321F1-7EBE-43DF-918A-30E21EAFED75}.Release|Any CPU.Build.0 = Release|Any CPU
	EndGlobalSection
	GlobalSection(SolutionProperties) = preSolution
		HideSolutionNode = FALSE
	EndGlobalSection
	GlobalSection(ExtensibilityGlobals) = postSolution
		SolutionGuid = {DF07978C-63D4-43A0-AED6-58866F6DDA52}
	EndGlobalSection
EndGlobal
